// !$*UTF8*$!
{
	archiveVersion = 1;
	classes = {
	};
	objectVersion = 52;
	objects = {

/* Begin PBXBuildFile section */
		0F2434E0269DE8A600008B45 /* NewMessageController.swift in Sources */ = {isa = PBXBuildFile; fileRef = 0F2434DF269DE8A600008B45 /* NewMessageController.swift */; };
		0F2434E2269DF5EA00008B45 /* UserCell.swift in Sources */ = {isa = PBXBuildFile; fileRef = 0F2434E1269DF5EA00008B45 /* UserCell.swift */; };
		0F243B7626936A2200F84862 /* SnapKit in Frameworks */ = {isa = PBXBuildFile; productRef = 0F243B7526936A2200F84862 /* SnapKit */; };
		0F2B4AD526A1BCDD00003C6A /* ChatController.swift in Sources */ = {isa = PBXBuildFile; fileRef = 0F2B4AD426A1BCDD00003C6A /* ChatController.swift */; };
		0F2B4AD726A1D86000003C6A /* CustomInputAccessoryView.swift in Sources */ = {isa = PBXBuildFile; fileRef = 0F2B4AD626A1D86000003C6A /* CustomInputAccessoryView.swift */; };
		0F70B6992699C13E00298B1C /* LoginViewModel.swift in Sources */ = {isa = PBXBuildFile; fileRef = 0F70B6982699C13E00298B1C /* LoginViewModel.swift */; };
		0F70B69B2699E94800298B1C /* RegistrationViewModel.swift in Sources */ = {isa = PBXBuildFile; fileRef = 0F70B69A2699E94800298B1C /* RegistrationViewModel.swift */; };
		0F7768312696189500D76B8E /* InputContainerView.swift in Sources */ = {isa = PBXBuildFile; fileRef = 0F7768302696189500D76B8E /* InputContainerView.swift */; };
		0F77683326961DDC00D76B8E /* CustomTextField.swift in Sources */ = {isa = PBXBuildFile; fileRef = 0F77683226961DDC00D76B8E /* CustomTextField.swift */; };
		0F7FDC08269F4FF90092F7E0 /* User.swift in Sources */ = {isa = PBXBuildFile; fileRef = 0F7FDC07269F4FF90092F7E0 /* User.swift */; };
		0F7FDC0A269F54260092F7E0 /* Service.swift in Sources */ = {isa = PBXBuildFile; fileRef = 0F7FDC09269F54260092F7E0 /* Service.swift */; };
		0FDE2FDB26A328E40000F7F3 /* MessageCell.swift in Sources */ = {isa = PBXBuildFile; fileRef = 0FDE2FDA26A328E40000F7F3 /* MessageCell.swift */; };
		0FE4579926935578003EF7C2 /* AppDelegate.swift in Sources */ = {isa = PBXBuildFile; fileRef = 0FE4579826935578003EF7C2 /* AppDelegate.swift */; };
		0FE4579B26935578003EF7C2 /* SceneDelegate.swift in Sources */ = {isa = PBXBuildFile; fileRef = 0FE4579A26935578003EF7C2 /* SceneDelegate.swift */; };
		0FE4579D26935578003EF7C2 /* ViewController.swift in Sources */ = {isa = PBXBuildFile; fileRef = 0FE4579C26935578003EF7C2 /* ViewController.swift */; };
		0FE457A026935578003EF7C2 /* Main.storyboard in Resources */ = {isa = PBXBuildFile; fileRef = 0FE4579E26935578003EF7C2 /* Main.storyboard */; };
		0FE457A226935579003EF7C2 /* Assets.xcassets in Resources */ = {isa = PBXBuildFile; fileRef = 0FE457A126935579003EF7C2 /* Assets.xcassets */; };
		0FE457A526935579003EF7C2 /* LaunchScreen.storyboard in Resources */ = {isa = PBXBuildFile; fileRef = 0FE457A326935579003EF7C2 /* LaunchScreen.storyboard */; };
		0FE457B026935579003EF7C2 /* FireChatTests.swift in Sources */ = {isa = PBXBuildFile; fileRef = 0FE457AF26935579003EF7C2 /* FireChatTests.swift */; };
		0FE457BB26935579003EF7C2 /* FireChatUITests.swift in Sources */ = {isa = PBXBuildFile; fileRef = 0FE457BA26935579003EF7C2 /* FireChatUITests.swift */; };
		0FE457CF26935669003EF7C2 /* ConversationsController.swift in Sources */ = {isa = PBXBuildFile; fileRef = 0FE457CE26935669003EF7C2 /* ConversationsController.swift */; };
		0FE457D2269364EA003EF7C2 /* LoginController.swift in Sources */ = {isa = PBXBuildFile; fileRef = 0FE457D1269364EA003EF7C2 /* LoginController.swift */; };
		0FE457D4269364F8003EF7C2 /* RegisterationController.swift in Sources */ = {isa = PBXBuildFile; fileRef = 0FE457D3269364F8003EF7C2 /* RegisterationController.swift */; };
		0FE5FB50269B46ED00AA53FD /* GoogleService-Info.plist in Resources */ = {isa = PBXBuildFile; fileRef = 0FE5FB4F269B46ED00AA53FD /* GoogleService-Info.plist */; };
		0FF08F70269C9F9500AC9203 /* AuthService.swift in Sources */ = {isa = PBXBuildFile; fileRef = 0FF08F6F269C9F9500AC9203 /* AuthService.swift */; };
		0FFA0C172698899300D78931 /* Extensions.swift in Sources */ = {isa = PBXBuildFile; fileRef = 0FFA0C162698899300D78931 /* Extensions.swift */; };
		0FFA0C1A26988BC100D78931 /* CustomButton.swift in Sources */ = {isa = PBXBuildFile; fileRef = 0FFA0C1926988BC100D78931 /* CustomButton.swift */; };
		47A5CFF46851AA2839E16801 /* Pods_FireChat.framework in Frameworks */ = {isa = PBXBuildFile; fileRef = 9C0CD1CE8F126209FED1B9CF /* Pods_FireChat.framework */; };
		A1A3B736883CC0924B6A9F96 /* Pods_FireChatTests.framework in Frameworks */ = {isa = PBXBuildFile; fileRef = 39E43DA7ABD5D5F3FE4B68D1 /* Pods_FireChatTests.framework */; };
		AF9BF02F26503700C440EBEF /* Pods_FireChat_FireChatUITests.framework in Frameworks */ = {isa = PBXBuildFile; fileRef = EBE133BD32DB1C9CFE8D059C /* Pods_FireChat_FireChatUITests.framework */; };
/* End PBXBuildFile section */

/* Begin PBXContainerItemProxy section */
		0FE457AC26935579003EF7C2 /* PBXContainerItemProxy */ = {
			isa = PBXContainerItemProxy;
			containerPortal = 0FE4578D26935578003EF7C2 /* Project object */;
			proxyType = 1;
			remoteGlobalIDString = 0FE4579426935578003EF7C2;
			remoteInfo = FireChat;
		};
		0FE457B726935579003EF7C2 /* PBXContainerItemProxy */ = {
			isa = PBXContainerItemProxy;
			containerPortal = 0FE4578D26935578003EF7C2 /* Project object */;
			proxyType = 1;
			remoteGlobalIDString = 0FE4579426935578003EF7C2;
			remoteInfo = FireChat;
		};
/* End PBXContainerItemProxy section */

/* Begin PBXFileReference section */
		0F2434DF269DE8A600008B45 /* NewMessageController.swift */ = {isa = PBXFileReference; lastKnownFileType = sourcecode.swift; path = NewMessageController.swift; sourceTree = "<group>"; };
		0F2434E1269DF5EA00008B45 /* UserCell.swift */ = {isa = PBXFileReference; lastKnownFileType = sourcecode.swift; path = UserCell.swift; sourceTree = "<group>"; };
		0F2B4AD426A1BCDD00003C6A /* ChatController.swift */ = {isa = PBXFileReference; lastKnownFileType = sourcecode.swift; path = ChatController.swift; sourceTree = "<group>"; };
		0F2B4AD626A1D86000003C6A /* CustomInputAccessoryView.swift */ = {isa = PBXFileReference; lastKnownFileType = sourcecode.swift; path = CustomInputAccessoryView.swift; sourceTree = "<group>"; };
		0F70B6982699C13E00298B1C /* LoginViewModel.swift */ = {isa = PBXFileReference; lastKnownFileType = sourcecode.swift; path = LoginViewModel.swift; sourceTree = "<group>"; };
		0F70B69A2699E94800298B1C /* RegistrationViewModel.swift */ = {isa = PBXFileReference; lastKnownFileType = sourcecode.swift; path = RegistrationViewModel.swift; sourceTree = "<group>"; };
		0F7768302696189500D76B8E /* InputContainerView.swift */ = {isa = PBXFileReference; lastKnownFileType = sourcecode.swift; path = InputContainerView.swift; sourceTree = "<group>"; };
		0F77683226961DDC00D76B8E /* CustomTextField.swift */ = {isa = PBXFileReference; lastKnownFileType = sourcecode.swift; path = CustomTextField.swift; sourceTree = "<group>"; };
		0F7FDC07269F4FF90092F7E0 /* User.swift */ = {isa = PBXFileReference; lastKnownFileType = sourcecode.swift; path = User.swift; sourceTree = "<group>"; };
		0F7FDC09269F54260092F7E0 /* Service.swift */ = {isa = PBXFileReference; lastKnownFileType = sourcecode.swift; path = Service.swift; sourceTree = "<group>"; };
		0FDE2FDA26A328E40000F7F3 /* MessageCell.swift */ = {isa = PBXFileReference; lastKnownFileType = sourcecode.swift; path = MessageCell.swift; sourceTree = "<group>"; };
		0FE4579526935578003EF7C2 /* FireChat.app */ = {isa = PBXFileReference; explicitFileType = wrapper.application; includeInIndex = 0; path = FireChat.app; sourceTree = BUILT_PRODUCTS_DIR; };
		0FE4579826935578003EF7C2 /* AppDelegate.swift */ = {isa = PBXFileReference; lastKnownFileType = sourcecode.swift; path = AppDelegate.swift; sourceTree = "<group>"; };
		0FE4579A26935578003EF7C2 /* SceneDelegate.swift */ = {isa = PBXFileReference; lastKnownFileType = sourcecode.swift; path = SceneDelegate.swift; sourceTree = "<group>"; };
		0FE4579C26935578003EF7C2 /* ViewController.swift */ = {isa = PBXFileReference; lastKnownFileType = sourcecode.swift; path = ViewController.swift; sourceTree = "<group>"; };
		0FE4579F26935578003EF7C2 /* Base */ = {isa = PBXFileReference; lastKnownFileType = file.storyboard; name = Base; path = Base.lproj/Main.storyboard; sourceTree = "<group>"; };
		0FE457A126935579003EF7C2 /* Assets.xcassets */ = {isa = PBXFileReference; lastKnownFileType = folder.assetcatalog; path = Assets.xcassets; sourceTree = "<group>"; };
		0FE457A426935579003EF7C2 /* Base */ = {isa = PBXFileReference; lastKnownFileType = file.storyboard; name = Base; path = Base.lproj/LaunchScreen.storyboard; sourceTree = "<group>"; };
		0FE457A626935579003EF7C2 /* Info.plist */ = {isa = PBXFileReference; lastKnownFileType = text.plist.xml; path = Info.plist; sourceTree = "<group>"; };
		0FE457AB26935579003EF7C2 /* FireChatTests.xctest */ = {isa = PBXFileReference; explicitFileType = wrapper.cfbundle; includeInIndex = 0; path = FireChatTests.xctest; sourceTree = BUILT_PRODUCTS_DIR; };
		0FE457AF26935579003EF7C2 /* FireChatTests.swift */ = {isa = PBXFileReference; lastKnownFileType = sourcecode.swift; path = FireChatTests.swift; sourceTree = "<group>"; };
		0FE457B126935579003EF7C2 /* Info.plist */ = {isa = PBXFileReference; lastKnownFileType = text.plist.xml; path = Info.plist; sourceTree = "<group>"; };
		0FE457B626935579003EF7C2 /* FireChatUITests.xctest */ = {isa = PBXFileReference; explicitFileType = wrapper.cfbundle; includeInIndex = 0; path = FireChatUITests.xctest; sourceTree = BUILT_PRODUCTS_DIR; };
		0FE457BA26935579003EF7C2 /* FireChatUITests.swift */ = {isa = PBXFileReference; lastKnownFileType = sourcecode.swift; path = FireChatUITests.swift; sourceTree = "<group>"; };
		0FE457BC26935579003EF7C2 /* Info.plist */ = {isa = PBXFileReference; lastKnownFileType = text.plist.xml; path = Info.plist; sourceTree = "<group>"; };
		0FE457CE26935669003EF7C2 /* ConversationsController.swift */ = {isa = PBXFileReference; lastKnownFileType = sourcecode.swift; path = ConversationsController.swift; sourceTree = "<group>"; };
		0FE457D1269364EA003EF7C2 /* LoginController.swift */ = {isa = PBXFileReference; lastKnownFileType = sourcecode.swift; path = LoginController.swift; sourceTree = "<group>"; };
		0FE457D3269364F8003EF7C2 /* RegisterationController.swift */ = {isa = PBXFileReference; lastKnownFileType = sourcecode.swift; path = RegisterationController.swift; sourceTree = "<group>"; };
		0FE5FB4F269B46ED00AA53FD /* GoogleService-Info.plist */ = {isa = PBXFileReference; fileEncoding = 4; lastKnownFileType = text.plist.xml; path = "GoogleService-Info.plist"; sourceTree = "<group>"; };
		0FF08F6F269C9F9500AC9203 /* AuthService.swift */ = {isa = PBXFileReference; lastKnownFileType = sourcecode.swift; path = AuthService.swift; sourceTree = "<group>"; };
		0FFA0C162698899300D78931 /* Extensions.swift */ = {isa = PBXFileReference; lastKnownFileType = sourcecode.swift; path = Extensions.swift; sourceTree = "<group>"; };
		0FFA0C1926988BC100D78931 /* CustomButton.swift */ = {isa = PBXFileReference; lastKnownFileType = sourcecode.swift; path = CustomButton.swift; sourceTree = "<group>"; };
		207519C6DC1FE5A6AE6DDCFA /* Pods-FireChat.release.xcconfig */ = {isa = PBXFileReference; includeInIndex = 1; lastKnownFileType = text.xcconfig; name = "Pods-FireChat.release.xcconfig"; path = "Target Support Files/Pods-FireChat/Pods-FireChat.release.xcconfig"; sourceTree = "<group>"; };
		36C3D275A9E0D3CD16F8C244 /* Pods-FireChat-FireChatUITests.release.xcconfig */ = {isa = PBXFileReference; includeInIndex = 1; lastKnownFileType = text.xcconfig; name = "Pods-FireChat-FireChatUITests.release.xcconfig"; path = "Target Support Files/Pods-FireChat-FireChatUITests/Pods-FireChat-FireChatUITests.release.xcconfig"; sourceTree = "<group>"; };
		39E43DA7ABD5D5F3FE4B68D1 /* Pods_FireChatTests.framework */ = {isa = PBXFileReference; explicitFileType = wrapper.framework; includeInIndex = 0; path = Pods_FireChatTests.framework; sourceTree = BUILT_PRODUCTS_DIR; };
		9C0CD1CE8F126209FED1B9CF /* Pods_FireChat.framework */ = {isa = PBXFileReference; explicitFileType = wrapper.framework; includeInIndex = 0; path = Pods_FireChat.framework; sourceTree = BUILT_PRODUCTS_DIR; };
		BBC33EB48163EDC6F2139E21 /* Pods-FireChat-FireChatUITests.debug.xcconfig */ = {isa = PBXFileReference; includeInIndex = 1; lastKnownFileType = text.xcconfig; name = "Pods-FireChat-FireChatUITests.debug.xcconfig"; path = "Target Support Files/Pods-FireChat-FireChatUITests/Pods-FireChat-FireChatUITests.debug.xcconfig"; sourceTree = "<group>"; };
		D5ECDC9B663746368AEDDB5D /* Pods-FireChat.debug.xcconfig */ = {isa = PBXFileReference; includeInIndex = 1; lastKnownFileType = text.xcconfig; name = "Pods-FireChat.debug.xcconfig"; path = "Target Support Files/Pods-FireChat/Pods-FireChat.debug.xcconfig"; sourceTree = "<group>"; };
		EBE133BD32DB1C9CFE8D059C /* Pods_FireChat_FireChatUITests.framework */ = {isa = PBXFileReference; explicitFileType = wrapper.framework; includeInIndex = 0; path = Pods_FireChat_FireChatUITests.framework; sourceTree = BUILT_PRODUCTS_DIR; };
		EBFBCA0C4189A52745DDB81B /* Pods-FireChatTests.release.xcconfig */ = {isa = PBXFileReference; includeInIndex = 1; lastKnownFileType = text.xcconfig; name = "Pods-FireChatTests.release.xcconfig"; path = "Target Support Files/Pods-FireChatTests/Pods-FireChatTests.release.xcconfig"; sourceTree = "<group>"; };
		FAD02A052C4993CFCA6C386E /* Pods-FireChatTests.debug.xcconfig */ = {isa = PBXFileReference; includeInIndex = 1; lastKnownFileType = text.xcconfig; name = "Pods-FireChatTests.debug.xcconfig"; path = "Target Support Files/Pods-FireChatTests/Pods-FireChatTests.debug.xcconfig"; sourceTree = "<group>"; };
/* End PBXFileReference section */

/* Begin PBXFrameworksBuildPhase section */
		0FE4579226935578003EF7C2 /* Frameworks */ = {
			isa = PBXFrameworksBuildPhase;
			buildActionMask = 2147483647;
			files = (
				0F243B7626936A2200F84862 /* SnapKit in Frameworks */,
				47A5CFF46851AA2839E16801 /* Pods_FireChat.framework in Frameworks */,
			);
			runOnlyForDeploymentPostprocessing = 0;
		};
		0FE457A826935579003EF7C2 /* Frameworks */ = {
			isa = PBXFrameworksBuildPhase;
			buildActionMask = 2147483647;
			files = (
				A1A3B736883CC0924B6A9F96 /* Pods_FireChatTests.framework in Frameworks */,
			);
			runOnlyForDeploymentPostprocessing = 0;
		};
		0FE457B326935579003EF7C2 /* Frameworks */ = {
			isa = PBXFrameworksBuildPhase;
			buildActionMask = 2147483647;
			files = (
				AF9BF02F26503700C440EBEF /* Pods_FireChat_FireChatUITests.framework in Frameworks */,
			);
			runOnlyForDeploymentPostprocessing = 0;
		};
/* End PBXFrameworksBuildPhase section */

/* Begin PBXGroup section */
		0F70B69C2699E95000298B1C /* Authentication */ = {
			isa = PBXGroup;
			children = (
				0F70B6982699C13E00298B1C /* LoginViewModel.swift */,
				0F70B69A2699E94800298B1C /* RegistrationViewModel.swift */,
			);
			path = Authentication;
			sourceTree = "<group>";
		};
		0FE4578C26935578003EF7C2 = {
			isa = PBXGroup;
			children = (
				0FE4579726935578003EF7C2 /* FireChat */,
				0FE457AE26935579003EF7C2 /* FireChatTests */,
				0FE4579626935578003EF7C2 /* Products */,
				0FE457B926935579003EF7C2 /* FireChatUITests */,
				8527DC1C19D08C88C07F347C /* Pods */,
				FA784FD74E8B55D58C692D93 /* Frameworks */,
			);
			sourceTree = "<group>";
		};
		0FE4579626935578003EF7C2 /* Products */ = {
			isa = PBXGroup;
			children = (
				0FE4579526935578003EF7C2 /* FireChat.app */,
				0FE457AB26935579003EF7C2 /* FireChatTests.xctest */,
				0FE457B626935579003EF7C2 /* FireChatUITests.xctest */,
			);
			name = Products;
			sourceTree = "<group>";
		};
		0FE4579726935578003EF7C2 /* FireChat */ = {
			isa = PBXGroup;
			children = (
				0FE457CD2693562F003EF7C2 /* Model */,
				0FE457CC2693562D003EF7C2 /* View */,
				0FE457CB2693562C003EF7C2 /* ViewModel */,
				0FE457CA2693562A003EF7C2 /* Controller */,
				0FE457C926935628003EF7C2 /* API */,
				0FE457C826935625003EF7C2 /* Utils  */,
				0FE4579826935578003EF7C2 /* AppDelegate.swift */,
				0FE4579A26935578003EF7C2 /* SceneDelegate.swift */,
				0FE4579C26935578003EF7C2 /* ViewController.swift */,
				0FE4579E26935578003EF7C2 /* Main.storyboard */,
				0FE457A126935579003EF7C2 /* Assets.xcassets */,
				0FE457A326935579003EF7C2 /* LaunchScreen.storyboard */,
				0FE457A626935579003EF7C2 /* Info.plist */,
				0FE5FB4F269B46ED00AA53FD /* GoogleService-Info.plist */,
			);
			path = FireChat;
			sourceTree = "<group>";
		};
		0FE457AE26935579003EF7C2 /* FireChatTests */ = {
			isa = PBXGroup;
			children = (
				0FE457AF26935579003EF7C2 /* FireChatTests.swift */,
				0FE457B126935579003EF7C2 /* Info.plist */,
			);
			path = FireChatTests;
			sourceTree = "<group>";
		};
		0FE457B926935579003EF7C2 /* FireChatUITests */ = {
			isa = PBXGroup;
			children = (
				0FE457BA26935579003EF7C2 /* FireChatUITests.swift */,
				0FE457BC26935579003EF7C2 /* Info.plist */,
			);
			path = FireChatUITests;
			sourceTree = "<group>";
		};
		0FE457C826935625003EF7C2 /* Utils  */ = {
			isa = PBXGroup;
			children = (
				0FFA0C162698899300D78931 /* Extensions.swift */,
			);
			path = "Utils ";
			sourceTree = "<group>";
		};
		0FE457C926935628003EF7C2 /* API */ = {
			isa = PBXGroup;
			children = (
				0FF08F6F269C9F9500AC9203 /* AuthService.swift */,
				0F7FDC09269F54260092F7E0 /* Service.swift */,
			);
			path = API;
			sourceTree = "<group>";
		};
		0FE457CA2693562A003EF7C2 /* Controller */ = {
			isa = PBXGroup;
			children = (
				0FE457D0269364D8003EF7C2 /* Authentication */,
				0FE457CE26935669003EF7C2 /* ConversationsController.swift */,
				0F2434DF269DE8A600008B45 /* NewMessageController.swift */,
				0F2B4AD426A1BCDD00003C6A /* ChatController.swift */,
			);
			path = Controller;
			sourceTree = "<group>";
		};
		0FE457CB2693562C003EF7C2 /* ViewModel */ = {
			isa = PBXGroup;
			children = (
				0F70B69C2699E95000298B1C /* Authentication */,
			);
			path = ViewModel;
			sourceTree = "<group>";
		};
		0FE457CC2693562D003EF7C2 /* View */ = {
			isa = PBXGroup;
			children = (
				0F7768302696189500D76B8E /* InputContainerView.swift */,
				0F77683226961DDC00D76B8E /* CustomTextField.swift */,
				0FFA0C1926988BC100D78931 /* CustomButton.swift */,
				0F2434E1269DF5EA00008B45 /* UserCell.swift */,
				0F2B4AD626A1D86000003C6A /* CustomInputAccessoryView.swift */,
				0FDE2FDA26A328E40000F7F3 /* MessageCell.swift */,
			);
			path = View;
			sourceTree = "<group>";
		};
		0FE457CD2693562F003EF7C2 /* Model */ = {
			isa = PBXGroup;
			children = (
				0F7FDC07269F4FF90092F7E0 /* User.swift */,
			);
			path = Model;
			sourceTree = "<group>";
		};
		0FE457D0269364D8003EF7C2 /* Authentication */ = {
			isa = PBXGroup;
			children = (
				0FE457D1269364EA003EF7C2 /* LoginController.swift */,
				0FE457D3269364F8003EF7C2 /* RegisterationController.swift */,
			);
			path = Authentication;
			sourceTree = "<group>";
		};
		8527DC1C19D08C88C07F347C /* Pods */ = {
			isa = PBXGroup;
			children = (
				D5ECDC9B663746368AEDDB5D /* Pods-FireChat.debug.xcconfig */,
				207519C6DC1FE5A6AE6DDCFA /* Pods-FireChat.release.xcconfig */,
				BBC33EB48163EDC6F2139E21 /* Pods-FireChat-FireChatUITests.debug.xcconfig */,
				36C3D275A9E0D3CD16F8C244 /* Pods-FireChat-FireChatUITests.release.xcconfig */,
				FAD02A052C4993CFCA6C386E /* Pods-FireChatTests.debug.xcconfig */,
				EBFBCA0C4189A52745DDB81B /* Pods-FireChatTests.release.xcconfig */,
			);
			path = Pods;
			sourceTree = "<group>";
		};
		FA784FD74E8B55D58C692D93 /* Frameworks */ = {
			isa = PBXGroup;
			children = (
				9C0CD1CE8F126209FED1B9CF /* Pods_FireChat.framework */,
				EBE133BD32DB1C9CFE8D059C /* Pods_FireChat_FireChatUITests.framework */,
				39E43DA7ABD5D5F3FE4B68D1 /* Pods_FireChatTests.framework */,
			);
			name = Frameworks;
			sourceTree = "<group>";
		};
/* End PBXGroup section */

/* Begin PBXNativeTarget section */
		0FE4579426935578003EF7C2 /* FireChat */ = {
			isa = PBXNativeTarget;
			buildConfigurationList = 0FE457BF26935579003EF7C2 /* Build configuration list for PBXNativeTarget "FireChat" */;
			buildPhases = (
				CC8F0F96D9B28367613CDAA5 /* [CP] Check Pods Manifest.lock */,
				0FE4579126935578003EF7C2 /* Sources */,
				0FE4579226935578003EF7C2 /* Frameworks */,
				0FE4579326935578003EF7C2 /* Resources */,
				CF085DFE8F77052620E582DE /* [CP] Embed Pods Frameworks */,
			);
			buildRules = (
			);
			dependencies = (
			);
			name = FireChat;
			packageProductDependencies = (
				0F243B7526936A2200F84862 /* SnapKit */,
			);
			productName = FireChat;
			productReference = 0FE4579526935578003EF7C2 /* FireChat.app */;
			productType = "com.apple.product-type.application";
		};
		0FE457AA26935579003EF7C2 /* FireChatTests */ = {
			isa = PBXNativeTarget;
			buildConfigurationList = 0FE457C226935579003EF7C2 /* Build configuration list for PBXNativeTarget "FireChatTests" */;
			buildPhases = (
				48A5E6DB50B72691E67EDC77 /* [CP] Check Pods Manifest.lock */,
				0FE457A726935579003EF7C2 /* Sources */,
				0FE457A826935579003EF7C2 /* Frameworks */,
				0FE457A926935579003EF7C2 /* Resources */,
			);
			buildRules = (
			);
			dependencies = (
				0FE457AD26935579003EF7C2 /* PBXTargetDependency */,
			);
			name = FireChatTests;
			productName = FireChatTests;
			productReference = 0FE457AB26935579003EF7C2 /* FireChatTests.xctest */;
			productType = "com.apple.product-type.bundle.unit-test";
		};
		0FE457B526935579003EF7C2 /* FireChatUITests */ = {
			isa = PBXNativeTarget;
			buildConfigurationList = 0FE457C526935579003EF7C2 /* Build configuration list for PBXNativeTarget "FireChatUITests" */;
			buildPhases = (
				D26D1F71AD4A43AD017DC547 /* [CP] Check Pods Manifest.lock */,
				0FE457B226935579003EF7C2 /* Sources */,
				0FE457B326935579003EF7C2 /* Frameworks */,
				0FE457B426935579003EF7C2 /* Resources */,
				F08E2B915F35D9F100CFCE7F /* [CP] Embed Pods Frameworks */,
			);
			buildRules = (
			);
			dependencies = (
				0FE457B826935579003EF7C2 /* PBXTargetDependency */,
			);
			name = FireChatUITests;
			productName = FireChatUITests;
			productReference = 0FE457B626935579003EF7C2 /* FireChatUITests.xctest */;
			productType = "com.apple.product-type.bundle.ui-testing";
		};
/* End PBXNativeTarget section */

/* Begin PBXProject section */
		0FE4578D26935578003EF7C2 /* Project object */ = {
			isa = PBXProject;
			attributes = {
				LastSwiftUpdateCheck = 1250;
				LastUpgradeCheck = 1250;
				TargetAttributes = {
					0FE4579426935578003EF7C2 = {
						CreatedOnToolsVersion = 12.5.1;
					};
					0FE457AA26935579003EF7C2 = {
						CreatedOnToolsVersion = 12.5.1;
						TestTargetID = 0FE4579426935578003EF7C2;
					};
					0FE457B526935579003EF7C2 = {
						CreatedOnToolsVersion = 12.5.1;
						TestTargetID = 0FE4579426935578003EF7C2;
					};
				};
			};
			buildConfigurationList = 0FE4579026935578003EF7C2 /* Build configuration list for PBXProject "FireChat" */;
			compatibilityVersion = "Xcode 9.3";
			developmentRegion = en;
			hasScannedForEncodings = 0;
			knownRegions = (
				en,
				Base,
			);
			mainGroup = 0FE4578C26935578003EF7C2;
			packageReferences = (
				0F243B7426936A2200F84862 /* XCRemoteSwiftPackageReference "SnapKit" */,
			);
			productRefGroup = 0FE4579626935578003EF7C2 /* Products */;
			projectDirPath = "";
			projectRoot = "";
			targets = (
				0FE4579426935578003EF7C2 /* FireChat */,
				0FE457AA26935579003EF7C2 /* FireChatTests */,
				0FE457B526935579003EF7C2 /* FireChatUITests */,
			);
		};
/* End PBXProject section */

/* Begin PBXResourcesBuildPhase section */
		0FE4579326935578003EF7C2 /* Resources */ = {
			isa = PBXResourcesBuildPhase;
			buildActionMask = 2147483647;
			files = (
				0FE457A526935579003EF7C2 /* LaunchScreen.storyboard in Resources */,
				0FE5FB50269B46ED00AA53FD /* GoogleService-Info.plist in Resources */,
				0FE457A226935579003EF7C2 /* Assets.xcassets in Resources */,
				0FE457A026935578003EF7C2 /* Main.storyboard in Resources */,
			);
			runOnlyForDeploymentPostprocessing = 0;
		};
		0FE457A926935579003EF7C2 /* Resources */ = {
			isa = PBXResourcesBuildPhase;
			buildActionMask = 2147483647;
			files = (
			);
			runOnlyForDeploymentPostprocessing = 0;
		};
		0FE457B426935579003EF7C2 /* Resources */ = {
			isa = PBXResourcesBuildPhase;
			buildActionMask = 2147483647;
			files = (
			);
			runOnlyForDeploymentPostprocessing = 0;
		};
/* End PBXResourcesBuildPhase section */

/* Begin PBXShellScriptBuildPhase section */
		48A5E6DB50B72691E67EDC77 /* [CP] Check Pods Manifest.lock */ = {
			isa = PBXShellScriptBuildPhase;
			buildActionMask = 2147483647;
			files = (
			);
			inputFileListPaths = (
			);
			inputPaths = (
				"${PODS_PODFILE_DIR_PATH}/Podfile.lock",
				"${PODS_ROOT}/Manifest.lock",
			);
			name = "[CP] Check Pods Manifest.lock";
			outputFileListPaths = (
			);
			outputPaths = (
				"$(DERIVED_FILE_DIR)/Pods-FireChatTests-checkManifestLockResult.txt",
			);
			runOnlyForDeploymentPostprocessing = 0;
			shellPath = /bin/sh;
			shellScript = "diff \"${PODS_PODFILE_DIR_PATH}/Podfile.lock\" \"${PODS_ROOT}/Manifest.lock\" > /dev/null\nif [ $? != 0 ] ; then\n    # print error to STDERR\n    echo \"error: The sandbox is not in sync with the Podfile.lock. Run 'pod install' or update your CocoaPods installation.\" >&2\n    exit 1\nfi\n# This output is used by Xcode 'outputs' to avoid re-running this script phase.\necho \"SUCCESS\" > \"${SCRIPT_OUTPUT_FILE_0}\"\n";
			showEnvVarsInLog = 0;
		};
		CC8F0F96D9B28367613CDAA5 /* [CP] Check Pods Manifest.lock */ = {
			isa = PBXShellScriptBuildPhase;
			buildActionMask = 2147483647;
			files = (
			);
			inputFileListPaths = (
			);
			inputPaths = (
				"${PODS_PODFILE_DIR_PATH}/Podfile.lock",
				"${PODS_ROOT}/Manifest.lock",
			);
			name = "[CP] Check Pods Manifest.lock";
			outputFileListPaths = (
			);
			outputPaths = (
				"$(DERIVED_FILE_DIR)/Pods-FireChat-checkManifestLockResult.txt",
			);
			runOnlyForDeploymentPostprocessing = 0;
			shellPath = /bin/sh;
			shellScript = "diff \"${PODS_PODFILE_DIR_PATH}/Podfile.lock\" \"${PODS_ROOT}/Manifest.lock\" > /dev/null\nif [ $? != 0 ] ; then\n    # print error to STDERR\n    echo \"error: The sandbox is not in sync with the Podfile.lock. Run 'pod install' or update your CocoaPods installation.\" >&2\n    exit 1\nfi\n# This output is used by Xcode 'outputs' to avoid re-running this script phase.\necho \"SUCCESS\" > \"${SCRIPT_OUTPUT_FILE_0}\"\n";
			showEnvVarsInLog = 0;
		};
		CF085DFE8F77052620E582DE /* [CP] Embed Pods Frameworks */ = {
			isa = PBXShellScriptBuildPhase;
			buildActionMask = 2147483647;
			files = (
			);
			inputFileListPaths = (
				"${PODS_ROOT}/Target Support Files/Pods-FireChat/Pods-FireChat-frameworks-${CONFIGURATION}-input-files.xcfilelist",
			);
			name = "[CP] Embed Pods Frameworks";
			outputFileListPaths = (
				"${PODS_ROOT}/Target Support Files/Pods-FireChat/Pods-FireChat-frameworks-${CONFIGURATION}-output-files.xcfilelist",
			);
			runOnlyForDeploymentPostprocessing = 0;
			shellPath = /bin/sh;
			shellScript = "\"${PODS_ROOT}/Target Support Files/Pods-FireChat/Pods-FireChat-frameworks.sh\"\n";
			showEnvVarsInLog = 0;
		};
		D26D1F71AD4A43AD017DC547 /* [CP] Check Pods Manifest.lock */ = {
			isa = PBXShellScriptBuildPhase;
			buildActionMask = 2147483647;
			files = (
			);
			inputFileListPaths = (
			);
			inputPaths = (
				"${PODS_PODFILE_DIR_PATH}/Podfile.lock",
				"${PODS_ROOT}/Manifest.lock",
			);
			name = "[CP] Check Pods Manifest.lock";
			outputFileListPaths = (
			);
			outputPaths = (
				"$(DERIVED_FILE_DIR)/Pods-FireChat-FireChatUITests-checkManifestLockResult.txt",
			);
			runOnlyForDeploymentPostprocessing = 0;
			shellPath = /bin/sh;
			shellScript = "diff \"${PODS_PODFILE_DIR_PATH}/Podfile.lock\" \"${PODS_ROOT}/Manifest.lock\" > /dev/null\nif [ $? != 0 ] ; then\n    # print error to STDERR\n    echo \"error: The sandbox is not in sync with the Podfile.lock. Run 'pod install' or update your CocoaPods installation.\" >&2\n    exit 1\nfi\n# This output is used by Xcode 'outputs' to avoid re-running this script phase.\necho \"SUCCESS\" > \"${SCRIPT_OUTPUT_FILE_0}\"\n";
			showEnvVarsInLog = 0;
		};
		F08E2B915F35D9F100CFCE7F /* [CP] Embed Pods Frameworks */ = {
			isa = PBXShellScriptBuildPhase;
			buildActionMask = 2147483647;
			files = (
			);
			inputFileListPaths = (
				"${PODS_ROOT}/Target Support Files/Pods-FireChat-FireChatUITests/Pods-FireChat-FireChatUITests-frameworks-${CONFIGURATION}-input-files.xcfilelist",
			);
			name = "[CP] Embed Pods Frameworks";
			outputFileListPaths = (
				"${PODS_ROOT}/Target Support Files/Pods-FireChat-FireChatUITests/Pods-FireChat-FireChatUITests-frameworks-${CONFIGURATION}-output-files.xcfilelist",
			);
			runOnlyForDeploymentPostprocessing = 0;
			shellPath = /bin/sh;
			shellScript = "\"${PODS_ROOT}/Target Support Files/Pods-FireChat-FireChatUITests/Pods-FireChat-FireChatUITests-frameworks.sh\"\n";
			showEnvVarsInLog = 0;
		};
/* End PBXShellScriptBuildPhase section */

/* Begin PBXSourcesBuildPhase section */
		0FE4579126935578003EF7C2 /* Sources */ = {
			isa = PBXSourcesBuildPhase;
			buildActionMask = 2147483647;
			files = (
				0FE457D4269364F8003EF7C2 /* RegisterationController.swift in Sources */,
				0FDE2FDB26A328E40000F7F3 /* MessageCell.swift in Sources */,
				0F70B69B2699E94800298B1C /* RegistrationViewModel.swift in Sources */,
				0FFA0C172698899300D78931 /* Extensions.swift in Sources */,
				0F70B6992699C13E00298B1C /* LoginViewModel.swift in Sources */,
				0F7FDC08269F4FF90092F7E0 /* User.swift in Sources */,
				0F2434E0269DE8A600008B45 /* NewMessageController.swift in Sources */,
				0FE4579D26935578003EF7C2 /* ViewController.swift in Sources */,
				0F7768312696189500D76B8E /* InputContainerView.swift in Sources */,
				0FF08F70269C9F9500AC9203 /* AuthService.swift in Sources */,
				0F2434E2269DF5EA00008B45 /* UserCell.swift in Sources */,
				0FFA0C1A26988BC100D78931 /* CustomButton.swift in Sources */,
				0F2B4AD726A1D86000003C6A /* CustomInputAccessoryView.swift in Sources */,
				0F7FDC0A269F54260092F7E0 /* Service.swift in Sources */,
				0FE4579926935578003EF7C2 /* AppDelegate.swift in Sources */,
				0F77683326961DDC00D76B8E /* CustomTextField.swift in Sources */,
				0FE457CF26935669003EF7C2 /* ConversationsController.swift in Sources */,
				0FE4579B26935578003EF7C2 /* SceneDelegate.swift in Sources */,
				0FE457D2269364EA003EF7C2 /* LoginController.swift in Sources */,
				0F2B4AD526A1BCDD00003C6A /* ChatController.swift in Sources */,
			);
			runOnlyForDeploymentPostprocessing = 0;
		};
		0FE457A726935579003EF7C2 /* Sources */ = {
			isa = PBXSourcesBuildPhase;
			buildActionMask = 2147483647;
			files = (
				0FE457B026935579003EF7C2 /* FireChatTests.swift in Sources */,
			);
			runOnlyForDeploymentPostprocessing = 0;
		};
		0FE457B226935579003EF7C2 /* Sources */ = {
			isa = PBXSourcesBuildPhase;
			buildActionMask = 2147483647;
			files = (
				0FE457BB26935579003EF7C2 /* FireChatUITests.swift in Sources */,
			);
			runOnlyForDeploymentPostprocessing = 0;
		};
/* End PBXSourcesBuildPhase section */

/* Begin PBXTargetDependency section */
		0FE457AD26935579003EF7C2 /* PBXTargetDependency */ = {
			isa = PBXTargetDependency;
			target = 0FE4579426935578003EF7C2 /* FireChat */;
			targetProxy = 0FE457AC26935579003EF7C2 /* PBXContainerItemProxy */;
		};
		0FE457B826935579003EF7C2 /* PBXTargetDependency */ = {
			isa = PBXTargetDependency;
			target = 0FE4579426935578003EF7C2 /* FireChat */;
			targetProxy = 0FE457B726935579003EF7C2 /* PBXContainerItemProxy */;
		};
/* End PBXTargetDependency section */

/* Begin PBXVariantGroup section */
		0FE4579E26935578003EF7C2 /* Main.storyboard */ = {
			isa = PBXVariantGroup;
			children = (
				0FE4579F26935578003EF7C2 /* Base */,
			);
			name = Main.storyboard;
			sourceTree = "<group>";
		};
		0FE457A326935579003EF7C2 /* LaunchScreen.storyboard */ = {
			isa = PBXVariantGroup;
			children = (
				0FE457A426935579003EF7C2 /* Base */,
			);
			name = LaunchScreen.storyboard;
			sourceTree = "<group>";
		};
/* End PBXVariantGroup section */

/* Begin XCBuildConfiguration section */
		0FE457BD26935579003EF7C2 /* Debug */ = {
			isa = XCBuildConfiguration;
			buildSettings = {
				ALWAYS_SEARCH_USER_PATHS = NO;
				CLANG_ANALYZER_NONNULL = YES;
				CLANG_ANALYZER_NUMBER_OBJECT_CONVERSION = YES_AGGRESSIVE;
				CLANG_CXX_LANGUAGE_STANDARD = "gnu++14";
				CLANG_CXX_LIBRARY = "libc++";
				CLANG_ENABLE_MODULES = YES;
				CLANG_ENABLE_OBJC_ARC = YES;
				CLANG_ENABLE_OBJC_WEAK = YES;
				CLANG_WARN_BLOCK_CAPTURE_AUTORELEASING = YES;
				CLANG_WARN_BOOL_CONVERSION = YES;
				CLANG_WARN_COMMA = YES;
				CLANG_WARN_CONSTANT_CONVERSION = YES;
				CLANG_WARN_DEPRECATED_OBJC_IMPLEMENTATIONS = YES;
				CLANG_WARN_DIRECT_OBJC_ISA_USAGE = YES_ERROR;
				CLANG_WARN_DOCUMENTATION_COMMENTS = YES;
				CLANG_WARN_EMPTY_BODY = YES;
				CLANG_WARN_ENUM_CONVERSION = YES;
				CLANG_WARN_INFINITE_RECURSION = YES;
				CLANG_WARN_INT_CONVERSION = YES;
				CLANG_WARN_NON_LITERAL_NULL_CONVERSION = YES;
				CLANG_WARN_OBJC_IMPLICIT_RETAIN_SELF = YES;
				CLANG_WARN_OBJC_LITERAL_CONVERSION = YES;
				CLANG_WARN_OBJC_ROOT_CLASS = YES_ERROR;
				CLANG_WARN_QUOTED_INCLUDE_IN_FRAMEWORK_HEADER = YES;
				CLANG_WARN_RANGE_LOOP_ANALYSIS = YES;
				CLANG_WARN_STRICT_PROTOTYPES = YES;
				CLANG_WARN_SUSPICIOUS_MOVE = YES;
				CLANG_WARN_UNGUARDED_AVAILABILITY = YES_AGGRESSIVE;
				CLANG_WARN_UNREACHABLE_CODE = YES;
				CLANG_WARN__DUPLICATE_METHOD_MATCH = YES;
				COPY_PHASE_STRIP = NO;
				DEBUG_INFORMATION_FORMAT = dwarf;
				ENABLE_STRICT_OBJC_MSGSEND = YES;
				ENABLE_TESTABILITY = YES;
				GCC_C_LANGUAGE_STANDARD = gnu11;
				GCC_DYNAMIC_NO_PIC = NO;
				GCC_NO_COMMON_BLOCKS = YES;
				GCC_OPTIMIZATION_LEVEL = 0;
				GCC_PREPROCESSOR_DEFINITIONS = (
					"DEBUG=1",
					"$(inherited)",
				);
				GCC_WARN_64_TO_32_BIT_CONVERSION = YES;
				GCC_WARN_ABOUT_RETURN_TYPE = YES_ERROR;
				GCC_WARN_UNDECLARED_SELECTOR = YES;
				GCC_WARN_UNINITIALIZED_AUTOS = YES_AGGRESSIVE;
				GCC_WARN_UNUSED_FUNCTION = YES;
				GCC_WARN_UNUSED_VARIABLE = YES;
				IPHONEOS_DEPLOYMENT_TARGET = 13.0;
				MTL_ENABLE_DEBUG_INFO = INCLUDE_SOURCE;
				MTL_FAST_MATH = YES;
				ONLY_ACTIVE_ARCH = YES;
				SDKROOT = iphoneos;
				SWIFT_ACTIVE_COMPILATION_CONDITIONS = DEBUG;
				SWIFT_OPTIMIZATION_LEVEL = "-Onone";
			};
			name = Debug;
		};
		0FE457BE26935579003EF7C2 /* Release */ = {
			isa = XCBuildConfiguration;
			buildSettings = {
				ALWAYS_SEARCH_USER_PATHS = NO;
				CLANG_ANALYZER_NONNULL = YES;
				CLANG_ANALYZER_NUMBER_OBJECT_CONVERSION = YES_AGGRESSIVE;
				CLANG_CXX_LANGUAGE_STANDARD = "gnu++14";
				CLANG_CXX_LIBRARY = "libc++";
				CLANG_ENABLE_MODULES = YES;
				CLANG_ENABLE_OBJC_ARC = YES;
				CLANG_ENABLE_OBJC_WEAK = YES;
				CLANG_WARN_BLOCK_CAPTURE_AUTORELEASING = YES;
				CLANG_WARN_BOOL_CONVERSION = YES;
				CLANG_WARN_COMMA = YES;
				CLANG_WARN_CONSTANT_CONVERSION = YES;
				CLANG_WARN_DEPRECATED_OBJC_IMPLEMENTATIONS = YES;
				CLANG_WARN_DIRECT_OBJC_ISA_USAGE = YES_ERROR;
				CLANG_WARN_DOCUMENTATION_COMMENTS = YES;
				CLANG_WARN_EMPTY_BODY = YES;
				CLANG_WARN_ENUM_CONVERSION = YES;
				CLANG_WARN_INFINITE_RECURSION = YES;
				CLANG_WARN_INT_CONVERSION = YES;
				CLANG_WARN_NON_LITERAL_NULL_CONVERSION = YES;
				CLANG_WARN_OBJC_IMPLICIT_RETAIN_SELF = YES;
				CLANG_WARN_OBJC_LITERAL_CONVERSION = YES;
				CLANG_WARN_OBJC_ROOT_CLASS = YES_ERROR;
				CLANG_WARN_QUOTED_INCLUDE_IN_FRAMEWORK_HEADER = YES;
				CLANG_WARN_RANGE_LOOP_ANALYSIS = YES;
				CLANG_WARN_STRICT_PROTOTYPES = YES;
				CLANG_WARN_SUSPICIOUS_MOVE = YES;
				CLANG_WARN_UNGUARDED_AVAILABILITY = YES_AGGRESSIVE;
				CLANG_WARN_UNREACHABLE_CODE = YES;
				CLANG_WARN__DUPLICATE_METHOD_MATCH = YES;
				COPY_PHASE_STRIP = NO;
				DEBUG_INFORMATION_FORMAT = "dwarf-with-dsym";
				ENABLE_NS_ASSERTIONS = NO;
				ENABLE_STRICT_OBJC_MSGSEND = YES;
				GCC_C_LANGUAGE_STANDARD = gnu11;
				GCC_NO_COMMON_BLOCKS = YES;
				GCC_WARN_64_TO_32_BIT_CONVERSION = YES;
				GCC_WARN_ABOUT_RETURN_TYPE = YES_ERROR;
				GCC_WARN_UNDECLARED_SELECTOR = YES;
				GCC_WARN_UNINITIALIZED_AUTOS = YES_AGGRESSIVE;
				GCC_WARN_UNUSED_FUNCTION = YES;
				GCC_WARN_UNUSED_VARIABLE = YES;
				IPHONEOS_DEPLOYMENT_TARGET = 13.0;
				MTL_ENABLE_DEBUG_INFO = NO;
				MTL_FAST_MATH = YES;
				SDKROOT = iphoneos;
				SWIFT_COMPILATION_MODE = wholemodule;
				SWIFT_OPTIMIZATION_LEVEL = "-O";
				VALIDATE_PRODUCT = YES;
			};
			name = Release;
		};
		0FE457C026935579003EF7C2 /* Debug */ = {
			isa = XCBuildConfiguration;
			baseConfigurationReference = D5ECDC9B663746368AEDDB5D /* Pods-FireChat.debug.xcconfig */;
			buildSettings = {
				ASSETCATALOG_COMPILER_APPICON_NAME = AppIcon;
				ASSETCATALOG_COMPILER_GLOBAL_ACCENT_COLOR_NAME = AccentColor;
				CODE_SIGN_STYLE = Automatic;
				DEVELOPMENT_TEAM = J7MH5N2BKX;
				INFOPLIST_FILE = FireChat/Info.plist;
				IPHONEOS_DEPLOYMENT_TARGET = 13.0;
				LD_RUNPATH_SEARCH_PATHS = (
					"$(inherited)",
					"@executable_path/Frameworks",
				);
				PRODUCT_BUNDLE_IDENTIFIER = com.byoungil.youn.FireChat;
				PRODUCT_NAME = "$(TARGET_NAME)";
				SWIFT_VERSION = 5.0;
				TARGETED_DEVICE_FAMILY = "1,2";
			};
			name = Debug;
		};
		0FE457C126935579003EF7C2 /* Release */ = {
			isa = XCBuildConfiguration;
			baseConfigurationReference = 207519C6DC1FE5A6AE6DDCFA /* Pods-FireChat.release.xcconfig */;
			buildSettings = {
				ASSETCATALOG_COMPILER_APPICON_NAME = AppIcon;
				ASSETCATALOG_COMPILER_GLOBAL_ACCENT_COLOR_NAME = AccentColor;
				CODE_SIGN_STYLE = Automatic;
				DEVELOPMENT_TEAM = J7MH5N2BKX;
				INFOPLIST_FILE = FireChat/Info.plist;
				IPHONEOS_DEPLOYMENT_TARGET = 13.0;
				LD_RUNPATH_SEARCH_PATHS = (
					"$(inherited)",
					"@executable_path/Frameworks",
				);
				PRODUCT_BUNDLE_IDENTIFIER = com.byoungil.youn.FireChat;
				PRODUCT_NAME = "$(TARGET_NAME)";
				SWIFT_VERSION = 5.0;
				TARGETED_DEVICE_FAMILY = "1,2";
			};
			name = Release;
		};
		0FE457C326935579003EF7C2 /* Debug */ = {
			isa = XCBuildConfiguration;
			baseConfigurationReference = FAD02A052C4993CFCA6C386E /* Pods-FireChatTests.debug.xcconfig */;
			buildSettings = {
				ALWAYS_EMBED_SWIFT_STANDARD_LIBRARIES = YES;
				BUNDLE_LOADER = "$(TEST_HOST)";
				CODE_SIGN_STYLE = Automatic;
				DEVELOPMENT_TEAM = J7MH5N2BKX;
				INFOPLIST_FILE = FireChatTests/Info.plist;
				IPHONEOS_DEPLOYMENT_TARGET = 14.5;
				LD_RUNPATH_SEARCH_PATHS = (
					"$(inherited)",
					"@executable_path/Frameworks",
					"@loader_path/Frameworks",
				);
				PRODUCT_BUNDLE_IDENTIFIER = com.byoungil.youn.FireChatTests;
				PRODUCT_NAME = "$(TARGET_NAME)";
				SWIFT_VERSION = 5.0;
				TARGETED_DEVICE_FAMILY = "1,2";
				TEST_HOST = "$(BUILT_PRODUCTS_DIR)/FireChat.app/FireChat";
			};
			name = Debug;
		};
		0FE457C426935579003EF7C2 /* Release */ = {
			isa = XCBuildConfiguration;
			baseConfigurationReference = EBFBCA0C4189A52745DDB81B /* Pods-FireChatTests.release.xcconfig */;
			buildSettings = {
				ALWAYS_EMBED_SWIFT_STANDARD_LIBRARIES = YES;
				BUNDLE_LOADER = "$(TEST_HOST)";
				CODE_SIGN_STYLE = Automatic;
				DEVELOPMENT_TEAM = J7MH5N2BKX;
				INFOPLIST_FILE = FireChatTests/Info.plist;
				IPHONEOS_DEPLOYMENT_TARGET = 14.5;
				LD_RUNPATH_SEARCH_PATHS = (
					"$(inherited)",
					"@executable_path/Frameworks",
					"@loader_path/Frameworks",
				);
				PRODUCT_BUNDLE_IDENTIFIER = com.byoungil.youn.FireChatTests;
				PRODUCT_NAME = "$(TARGET_NAME)";
				SWIFT_VERSION = 5.0;
				TARGETED_DEVICE_FAMILY = "1,2";
				TEST_HOST = "$(BUILT_PRODUCTS_DIR)/FireChat.app/FireChat";
			};
			name = Release;
		};
		0FE457C626935579003EF7C2 /* Debug */ = {
			isa = XCBuildConfiguration;
			baseConfigurationReference = BBC33EB48163EDC6F2139E21 /* Pods-FireChat-FireChatUITests.debug.xcconfig */;
			buildSettings = {
				ALWAYS_EMBED_SWIFT_STANDARD_LIBRARIES = YES;
				CODE_SIGN_STYLE = Automatic;
				DEVELOPMENT_TEAM = J7MH5N2BKX;
				INFOPLIST_FILE = FireChatUITests/Info.plist;
				LD_RUNPATH_SEARCH_PATHS = (
					"$(inherited)",
					"@executable_path/Frameworks",
					"@loader_path/Frameworks",
				);
				PRODUCT_BUNDLE_IDENTIFIER = com.byoungil.youn.FireChatUITests;
				PRODUCT_NAME = "$(TARGET_NAME)";
				SWIFT_VERSION = 5.0;
				TARGETED_DEVICE_FAMILY = "1,2";
				TEST_TARGET_NAME = FireChat;
			};
			name = Debug;
		};
		0FE457C726935579003EF7C2 /* Release */ = {
			isa = XCBuildConfiguration;
			baseConfigurationReference = 36C3D275A9E0D3CD16F8C244 /* Pods-FireChat-FireChatUITests.release.xcconfig */;
			buildSettings = {
				ALWAYS_EMBED_SWIFT_STANDARD_LIBRARIES = YES;
				CODE_SIGN_STYLE = Automatic;
				DEVELOPMENT_TEAM = J7MH5N2BKX;
				INFOPLIST_FILE = FireChatUITests/Info.plist;
				LD_RUNPATH_SEARCH_PATHS = (
					"$(inherited)",
					"@executable_path/Frameworks",
					"@loader_path/Frameworks",
				);
				PRODUCT_BUNDLE_IDENTIFIER = com.byoungil.youn.FireChatUITests;
				PRODUCT_NAME = "$(TARGET_NAME)";
				SWIFT_VERSION = 5.0;
				TARGETED_DEVICE_FAMILY = "1,2";
				TEST_TARGET_NAME = FireChat;
			};
			name = Release;
		};
/* End XCBuildConfiguration section */

/* Begin XCConfigurationList section */
		0FE4579026935578003EF7C2 /* Build configuration list for PBXProject "FireChat" */ = {
			isa = XCConfigurationList;
			buildConfigurations = (
				0FE457BD26935579003EF7C2 /* Debug */,
				0FE457BE26935579003EF7C2 /* Release */,
			);
			defaultConfigurationIsVisible = 0;
			defaultConfigurationName = Release;
		};
		0FE457BF26935579003EF7C2 /* Build configuration list for PBXNativeTarget "FireChat" */ = {
			isa = XCConfigurationList;
			buildConfigurations = (
				0FE457C026935579003EF7C2 /* Debug */,
				0FE457C126935579003EF7C2 /* Release */,
			);
			defaultConfigurationIsVisible = 0;
			defaultConfigurationName = Release;
		};
		0FE457C226935579003EF7C2 /* Build configuration list for PBXNativeTarget "FireChatTests" */ = {
			isa = XCConfigurationList;
			buildConfigurations = (
				0FE457C326935579003EF7C2 /* Debug */,
				0FE457C426935579003EF7C2 /* Release */,
			);
			defaultConfigurationIsVisible = 0;
			defaultConfigurationName = Release;
		};
		0FE457C526935579003EF7C2 /* Build configuration list for PBXNativeTarget "FireChatUITests" */ = {
			isa = XCConfigurationList;
			buildConfigurations = (
				0FE457C626935579003EF7C2 /* Debug */,
				0FE457C726935579003EF7C2 /* Release */,
			);
			defaultConfigurationIsVisible = 0;
			defaultConfigurationName = Release;
		};
/* End XCConfigurationList section */

/* Begin XCRemoteSwiftPackageReference section */
		0F243B7426936A2200F84862 /* XCRemoteSwiftPackageReference "SnapKit" */ = {
			isa = XCRemoteSwiftPackageReference;
			repositoryURL = "https://github.com/SnapKit/SnapKit";
			requirement = {
				kind = upToNextMajorVersion;
				minimumVersion = 5.0.1;
			};
		};
/* End XCRemoteSwiftPackageReference section */

/* Begin XCSwiftPackageProductDependency section */
		0F243B7526936A2200F84862 /* SnapKit */ = {
			isa = XCSwiftPackageProductDependency;
			package = 0F243B7426936A2200F84862 /* XCRemoteSwiftPackageReference "SnapKit" */;
			productName = SnapKit;
		};
/* End XCSwiftPackageProductDependency section */
	};
	rootObject = 0FE4578D26935578003EF7C2 /* Project object */;
}
